
Microsoft Visual Studio Solution File, Format Version 12.00
# Visual Studio Version 17
VisualStudioVersion = 17.9.34701.34
MinimumVisualStudioVersion = 10.0.40219.1
Project("{FAE04EC0-301F-11D3-BF4B-00C04F79EFBC}") = "Project2", "Project2\Project2.csproj", "{C2E53149-35B7-49AB-BAF0-06CF348DD553}"
EndProject
Project("{FAE04EC0-301F-11D3-BF4B-00C04F79EFBC}") = "TestProject2", "TestProject2\TestProject2.csproj", "{1EF99D7D-CB96-4CAC-9C31-40FC911D4AC2}"
EndProject
Global
	GlobalSection(SolutionConfigurationPlatforms) = preSolution
		Debug|Any CPU = Debug|Any CPU
		Release|Any CPU = Release|Any CPU
	EndGlobalSection
	GlobalSection(ProjectConfigurationPlatforms) = postSolution
		{C2E53149-35B7-49AB-BAF0-06CF348DD553}.Debug|Any CPU.ActiveCfg = Debug|Any CPU
		{C2E53149-35B7-49AB-BAF0-06CF348DD553}.Debug|Any CPU.Build.0 = Debug|Any CPU
		{C2E53149-35B7-49AB-BAF0-06CF348DD553}.Release|Any CPU.ActiveCfg = Release|Any CPU
		{C2E53149-35B7-49AB-BAF0-06CF348DD553}.Release|Any CPU.Build.0 = Release|Any CPU
		{1EF99D7D-CB96-4CAC-9C31-40FC911D4AC2}.Debug|Any CPU.ActiveCfg = Debug|Any CPU
		{1EF99D7D-CB96-4CAC-9C31-40FC911D4AC2}.Debug|Any CPU.Build.0 = Debug|Any CPU
		{1EF99D7D-CB96-4CAC-9C31-40FC911D4AC2}.Release|Any CPU.ActiveCfg = Release|Any CPU
		{1EF99D7D-CB96-4CAC-9C31-40FC911D4AC2}.Release|Any CPU.Build.0 = Release|Any CPU
	EndGlobalSection
	GlobalSection(SolutionProperties) = preSolution
		HideSolutionNode = FALSE
	EndGlobalSection
	GlobalSection(ExtensibilityGlobals) = postSolution
		SolutionGuid = {F83C2F21-B002-418C-9A18-5BFAED8C8161}
	EndGlobalSection
EndGlobal
